
Microsoft Visual Studio Solution File, Format Version 12.00
# Visual Studio Version 16
VisualStudioVersion = 16.0.34729.46
MinimumVisualStudioVersion = 10.0.40219.1
Project("{9A19103F-16F7-4668-BE54-9A1E7A4F7556}") = "lab7", "lab7\lab7.csproj", "{3A51B9BF-F26A-4EEA-A381-152EE6648FAF}"
EndProject
Project("{FAE04EC0-301F-11D3-BF4B-00C04F79EFBC}") = "ClassLibrary", "ClassLibrary\ClassLibrary.csproj", "{A873BB9D-A04E-466B-AC66-5DA5A6A1C4F7}"
EndProject
Global
	GlobalSection(SolutionConfigurationPlatforms) = preSolution
		Debug|Any CPU = Debug|Any CPU
		Release|Any CPU = Release|Any CPU
	EndGlobalSection
	GlobalSection(ProjectConfigurationPlatforms) = postSolution
		{3A51B9BF-F26A-4EEA-A381-152EE6648FAF}.Debug|Any CPU.ActiveCfg = Debug|Any CPU
		{3A51B9BF-F26A-4EEA-A381-152EE6648FAF}.Debug|Any CPU.Build.0 = Debug|Any CPU
		{3A51B9BF-F26A-4EEA-A381-152EE6648FAF}.Release|Any CPU.ActiveCfg = Release|Any CPU
		{3A51B9BF-F26A-4EEA-A381-152EE6648FAF}.Release|Any CPU.Build.0 = Release|Any CPU
		{A873BB9D-A04E-466B-AC66-5DA5A6A1C4F7}.Debug|Any CPU.ActiveCfg = Debug|Any CPU
		{A873BB9D-A04E-466B-AC66-5DA5A6A1C4F7}.Debug|Any CPU.Build.0 = Debug|Any CPU
		{A873BB9D-A04E-466B-AC66-5DA5A6A1C4F7}.Release|Any CPU.ActiveCfg = Release|Any CPU
		{A873BB9D-A04E-466B-AC66-5DA5A6A1C4F7}.Release|Any CPU.Build.0 = Release|Any CPU
	EndGlobalSection
	GlobalSection(SolutionProperties) = preSolution
		HideSolutionNode = FALSE
	EndGlobalSection
	GlobalSection(ExtensibilityGlobals) = postSolution
		SolutionGuid = {3FB0CFCB-E1CB-45E2-853C-89B78815DC24}
	EndGlobalSection
EndGlobal
